<?xml version="1.0" encoding="utf-8"?>
<Project ToolsVersion="4.0" xmlns="http://schemas.microsoft.com/developer/msbuild/2003">
  <ItemGroup>
    <Filter Include="Source Files">
      <UniqueIdentifier>{4FC737F1-C7A5-4376-A066-2A32D752A2FF}</UniqueIdentifier>
      <Extensions>cpp;c;cc;cxx;def;odl;idl;hpj;bat;asm;asmx</Extensions>
    </Filter>
    <Filter Include="Source Files\Konsole">
      <UniqueIdentifier>{35691cf1-be04-45a1-ad9d-04e3b6baf7e9}</UniqueIdentifier>
    </Filter>
    <Filter Include="Source Files\Tetris">
      <UniqueIdentifier>{50c44578-ff15-4653-a77c-eb312acdf896}</UniqueIdentifier>
    </Filter>
    <Filter Include="Header Files">
      <UniqueIdentifier>{93995380-89BD-4b04-88EB-625FBE52EBFB}</UniqueIdentifier>
      <Extensions>h;hh;hpp;hxx;hm;inl;inc;ipp;xsd</Extensions>
    </Filter>
    <Filter Include="Header Files\Konsole">
      <UniqueIdentifier>{a8a051d3-d824-4113-a4e9-952da0482192}</UniqueIdentifier>
    </Filter>
    <Filter Include="Header Files\Tetris">
      <UniqueIdentifier>{491c81cf-d0fe-4827-b0ea-42b318357dc4}</UniqueIdentifier>
    </Filter>
  </ItemGroup>
  <ItemGroup>
    <ClCompile Include="source\Tetris\ZTetrimino.cpp">
      <Filter>Source Files\Tetris</Filter>
    </ClCompile>
    <ClCompile Include="source\Konsole\Vector2i.cpp">
      <Filter>Source Files\Konsole</Filter>
    </ClCompile>
    <ClCompile Include="source\Konsole\Utility.cpp">
      <Filter>Source Files\Konsole</Filter>
    </ClCompile>
    <ClCompile Include="source\Tetris\TTetrimino.cpp">
      <Filter>Source Files\Tetris</Filter>
    </ClCompile>
    <ClCompile Include="source\Konsole\Timer.cpp">
      <Filter>Source Files\Konsole</Filter>
    </ClCompile>
    <ClCompile Include="source\Tetris\TetrisConsole.cpp">
      <Filter>Source Files\Tetris</Filter>
    </ClCompile>
    <ClCompile Include="source\Tetris\STetrimino.cpp">
      <Filter>Source Files\Tetris</Filter>
    </ClCompile>
    <ClCompile Include="source\Tetris\Tetrimino.cpp">
      <Filter>Source Files\Tetris</Filter>
    </ClCompile>
    <ClCompile Include="source\Tetris\Tetris.cpp">
      <Filter>Source Files\Tetris</Filter>
    </ClCompile>
    <ClCompile Include="source\Konsole\SoundEngine.cpp">
      <Filter>Source Files\Konsole</Filter>
    </ClCompile>
    <ClCompile Include="source\Konsole\Random.cpp">
      <Filter>Source Files\Konsole</Filter>
    </ClCompile>
    <ClCompile Include="source\Tetris\Overseer.cpp">
      <Filter>Source Files\Tetris</Filter>
    </ClCompile>
    <ClCompile Include="source\Konsole\Menu.cpp">
      <Filter>Source Files\Konsole</Filter>
    </ClCompile>
    <ClCompile Include="source\Tetris\OTetrimino.cpp">
      <Filter>Source Files\Tetris</Filter>
    </ClCompile>
    <ClCompile Include="source\Tetris\LTetrimino.cpp">
      <Filter>Source Files\Tetris</Filter>
    </ClCompile>
    <ClCompile Include="source\Tetris\ITetrimino.cpp">
      <Filter>Source Files\Tetris</Filter>
    </ClCompile>
    <ClCompile Include="source\Tetris\JTetrimino.cpp">
      <Filter>Source Files\Tetris</Filter>
    </ClCompile>
    <ClCompile Include="source\Konsole\Input.cpp">
      <Filter>Source Files\Konsole</Filter>
    </ClCompile>
    <ClCompile Include="source\Tetris\Facing.cpp">
      <Filter>Source Files\Tetris</Filter>
    </ClCompile>
    <ClCompile Include="source\Konsole\Graphics.cpp">
      <Filter>Source Files\Konsole</Filter>
    </ClCompile>
  </ItemGroup>
  <ItemGroup>
    <ClInclude Include="source\Tetris\Constants.h">
      <Filter>Header Files\Tetris</Filter>
    </ClInclude>
    <ClInclude Include="source\Tetris\Facing.h">
      <Filter>Header Files\Tetris</Filter>
    </ClInclude>
    <ClInclude Include="source\Konsole\Input.h">
      <Filter>Header Files\Konsole</Filter>
    </ClInclude>
    <ClInclude Include="source\Tetris\ITetrimino.h">
      <Filter>Header Files\Tetris</Filter>
    </ClInclude>
    <ClInclude Include="source\Tetris\JTetrimino.h">
      <Filter>Header Files\Tetris</Filter>
    </ClInclude>
    <ClInclude Include="source\Tetris\LTetrimino.h">
      <Filter>Header Files\Tetris</Filter>
    </ClInclude>
    <ClInclude Include="source\Konsole\Menu.h">
      <Filter>Header Files\Konsole</Filter>
    </ClInclude>
    <ClInclude Include="source\Tetris\OTetrimino.h">
      <Filter>Header Files\Tetris</Filter>
    </ClInclude>
    <ClInclude Include="source\Tetris\Overseer.h">
      <Filter>Header Files\Tetris</Filter>
    </ClInclude>
    <ClInclude Include="source\Konsole\Random.h">
      <Filter>Header Files\Konsole</Filter>
    </ClInclude>
    <ClInclude Include="source\Konsole\SoundEngine.h">
      <Filter>Header Files\Konsole</Filter>
    </ClInclude>
    <ClInclude Include="source\Tetris\STetrimino.h">
      <Filter>Header Files\Tetris</Filter>
    </ClInclude>
    <ClInclude Include="source\Tetris\Tetrimino.h">
      <Filter>Header Files\Tetris</Filter>
    </ClInclude>
    <ClInclude Include="source\Tetris\Tetris.h">
      <Filter>Header Files\Tetris</Filter>
    </ClInclude>
    <ClInclude Include="source\Konsole\Timer.h">
      <Filter>Header Files\Konsole</Filter>
    </ClInclude>
    <ClInclude Include="source\Tetris\TTetrimino.h">
      <Filter>Header Files\Tetris</Filter>
    </ClInclude>
    <ClInclude Include="source\Tetris\ZTetrimino.h">
      <Filter>Header Files\Tetris</Filter>
    </ClInclude>
    <ClInclude Include="source\Konsole\Vector2i.h">
      <Filter>Header Files\Konsole</Filter>
    </ClInclude>
    <ClInclude Include="source\Konsole\Utility.h">
      <Filter>Header Files\Konsole</Filter>
    </ClInclude>
    <ClInclude Include="source\Konsole\Graphics.h">
      <Filter>Header Files\Konsole</Filter>
    </ClInclude>
  </ItemGroup>
</Project>